
Microsoft Visual Studio Solution File, Format Version 12.00
# Visual Studio Version 16
VisualStudioVersion = 16.0.30309.148
MinimumVisualStudioVersion = 10.0.40219.1
Project("{FAE04EC0-301F-11D3-BF4B-00C04F79EFBC}") = "Krystek_Lab_4_6", "Krystek_Lab_4_6.csproj", "{39320899-53EB-45A2-97C9-52009ED24904}"
EndProject
Global
	GlobalSection(SolutionConfigurationPlatforms) = preSolution
		Debug|Any CPU = Debug|Any CPU
		Release|Any CPU = Release|Any CPU
	EndGlobalSection
	GlobalSection(ProjectConfigurationPlatforms) = postSolution
		{39320899-53EB-45A2-97C9-52009ED24904}.Debug|Any CPU.ActiveCfg = Debug|Any CPU
		{39320899-53EB-45A2-97C9-52009ED24904}.Debug|Any CPU.Build.0 = Debug|Any CPU
		{39320899-53EB-45A2-97C9-52009ED24904}.Release|Any CPU.ActiveCfg = Release|Any CPU
		{39320899-53EB-45A2-97C9-52009ED24904}.Release|Any CPU.Build.0 = Release|Any CPU
	EndGlobalSection
	GlobalSection(SolutionProperties) = preSolution
		HideSolutionNode = FALSE
	EndGlobalSection
	GlobalSection(ExtensibilityGlobals) = postSolution
		SolutionGuid = {7C021ACA-64BB-476D-AF17-EB6815AD3D85}
	EndGlobalSection
EndGlobal
